[[package]]
name = "asgiref"
version = "3.4.1"
description = "ASGI specs, helper code, and adapters"
category = "main"
optional = false
python-versions = ">=3.6"

[package.extras]
tests = ["pytest", "pytest-asyncio", "mypy (>=0.800)"]

[[package]]
name = "django"
version = "3.2.9"
description = "A high-level Python Web framework that encourages rapid development and clean, pragmatic design."
category = "main"
optional = false
python-versions = ">=3.6"

[package.dependencies]
asgiref = ">=3.3.2,<4"
pytz = "*"
sqlparse = ">=0.2.2"

[package.extras]
argon2 = ["argon2-cffi (>=19.1.0)"]
bcrypt = ["bcrypt"]

[[package]]
name = "django-extensions"
version = "3.1.3"
description = "Extensions for Django"
category = "main"
optional = false
python-versions = ">=3.6"

[package.dependencies]
Django = ">=2.2"

[[package]]
name = "ptvsd"
version = "4.3.2"
description = "Remote debugging server for Python support in Visual Studio and Visual Studio Code"
category = "dev"
optional = false
python-versions = ">=2.7,!=3.0.*,!=3.1.*,!=3.2.*,!=3.3.*"

[[package]]
name = "pytz"
version = "2021.3"
description = "World timezone definitions, modern and historical"
category = "main"
optional = false
python-versions = "*"

[[package]]
name = "sqlparse"
version = "0.4.2"
description = "A non-validating SQL parser."
category = "main"
optional = false
python-versions = ">=3.5"

[metadata]
lock-version = "1.1"
python-versions = "^3.8"
content-hash = "796d162a4f8c6b78f3397c17732d6dc95ee645ec77d14627da6582b26c6a41e5"

[metadata.files]
asgiref = [
    {file = "asgiref-3.4.1-py3-none-any.whl", hash = "sha256:ffc141aa908e6f175673e7b1b3b7af4fdb0ecb738fc5c8b88f69f055c2415214"},
    {file = "asgiref-3.4.1.tar.gz", hash = "sha256:4ef1ab46b484e3c706329cedeff284a5d40824200638503f5768edb6de7d58e9"},
]
django = [
    {file = "Django-3.2.9-py3-none-any.whl", hash = "sha256:e22c9266da3eec7827737cde57694d7db801fedac938d252bf27377cec06ed1b"},
    {file = "Django-3.2.9.tar.gz", hash = "sha256:51284300f1522ffcdb07ccbdf676a307c6678659e1284f0618e5a774127a6a08"},
]
django-extensions = [
    {file = "django-extensions-3.1.3.tar.gz", hash = "sha256:5f0fea7bf131ca303090352577a9e7f8bfbf5489bd9d9c8aea9401db28db34a0"},
    {file = "django_extensions-3.1.3-py3-none-any.whl", hash = "sha256:50de8977794a66a91575dd40f87d5053608f679561731845edbd325ceeb387e3"},
]
ptvsd = [
    {file = "ptvsd-4.3.2-cp27-cp27m-macosx_10_13_x86_64.whl", hash = "sha256:22b699369a18ff28d4d1aa6a452739e50c7b7790cb16c6312d766e023c12fe27"},
    {file = "ptvsd-4.3.2-cp27-cp27m-manylinux1_i686.whl", hash = "sha256:3f839fe91d9ddca0d6a3a0afd6a1c824be1768498a737ab9333d084c5c3f3591"},
    {file = "ptvsd-4.3.2-cp27-cp27m-manylinux1_x86_64.whl", hash = "sha256:70260b4591c07bff95566d49b6a5dc3051d8558035c43c847bad9a954def46bb"},
    {file = "ptvsd-4.3.2-cp27-cp27mu-manylinux1_i686.whl", hash = "sha256:d2662ec37ee049c0f8f2f9a378abeb7e570d9215c19eaf0a6d7189464195009f"},
    {file = "ptvsd-4.3.2-cp27-cp27mu-manylinux1_x86_64.whl", hash = "sha256:d9337ebba4d099698982e090b203e85670086c4b29cf1185b2e45cd353a8053e"},
    {file = "ptvsd-4.3.2-cp34-cp34m-macosx_10_13_x86_64.whl", hash = "sha256:cf09fd4d90c4c42ddd9bf853290f1a80bc2128993a3923bd3b96b68cc1acd03f"},
    {file = "ptvsd-4.3.2-cp34-cp34m-manylinux1_i686.whl", hash = "sha256:ccc5c533135305709461f545feed5061c608714db38fa0f58e3f848a127b7fde"},
    {file = "ptvsd-4.3.2-cp34-cp34m-manylinux1_x86_64.whl", hash = "sha256:de5234bec74c47da668e1a1a21bcc9821af0cbb28b5153df78cd5abc744b29a2"},
    {file = "ptvsd-4.3.2-cp35-cp35m-macosx_10_13_x86_64.whl", hash = "sha256:c893fb9d1c2ef8f980cc00ced3fd90356f86d9f59b58ee97e0e7e622b8860f76"},
    {file = "ptvsd-4.3.2-cp35-cp35m-manylinux1_i686.whl", hash = "sha256:2bbc121bce3608501998afbe742f02b80e7d26b8fecd38f78b903f22f52a81d9"},
    {file = "ptvsd-4.3.2-cp35-cp35m-manylinux1_x86_64.whl", hash = "sha256:fad06de012a78f277318d0c308dd3d7cc1f67167f3b2e1e2f7c6caf04c03440c"},
    {file = "ptvsd-4.3.2-cp35-cp35m-win32.whl", hash = "sha256:92d26aa7c8f7ffe41cb4b50a00846027027fa17acdf2d9dd8c24de77b25166c6"},
    {file = "ptvsd-4.3.2-cp35-cp35m-win_amd64.whl", hash = "sha256:eda10ecd43daacc180a6fbe524992be76a877c3559e2b78016b4ada8fec10273"},
    {file = "ptvsd-4.3.2-cp36-cp36m-macosx_10_13_x86_64.whl", hash = "sha256:c01204e3f025c3f7252c79c1a8a028246d29e3ef339e1a01ddf652999f47bdea"},
    {file = "ptvsd-4.3.2-cp36-cp36m-manylinux1_i686.whl", hash = "sha256:c97c71835dde7e67fc7b06398bee1c012559a0784ebda9cf8acaf176c7ae766c"},
    {file = "ptvsd-4.3.2-cp36-cp36m-manylinux1_x86_64.whl", hash = "sha256:612948a045fcf9c8931cd306972902440278f34de7ca684b49d4caeec9f1ec62"},
    {file = "ptvsd-4.3.2-cp36-cp36m-win32.whl", hash = "sha256:72d114baa5737baf29c8068d1ccdd93cbb332d2030601c888eed0e3761b588d7"},
    {file = "ptvsd-4.3.2-cp36-cp36m-win_amd64.whl", hash = "sha256:58508485a1609a495dd45829bd6d219303cf9edef5ca1f01a9ed8ffaa87f390c"},
    {file = "ptvsd-4.3.2-cp37-cp37m-macosx_10_13_x86_64.whl", hash = "sha256:20f48ffed42a6beb879c250d82662e175ad59cc46a29c95c6a4472ae413199c5"},
    {file = "ptvsd-4.3.2-cp37-cp37m-manylinux1_i686.whl", hash = "sha256:b9970e3dc987eb2a6001af6c9d2f726dd6455cfc6d47e0f51925cbdee7ea2157"},
    {file = "ptvsd-4.3.2-cp37-cp37m-manylinux1_x86_64.whl", hash = "sha256:1d3d82ecc82186d099992a748556e6e54037f5c5e4d3fc9bba3e2302354be0d4"},
    {file = "ptvsd-4.3.2-cp37-cp37m-win32.whl", hash = "sha256:10745fbb788001959b4de405198d8bd5243611a88fb5a2e2c6800245bc0ddd74"},
    {file = "ptvsd-4.3.2-cp37-cp37m-win_amd64.whl", hash = "sha256:90cbd082e7a9089664888d0d94aca760202f080133fca8f3fe65c48ed6b9e39d"},
    {file = "ptvsd-4.3.2-py2.py3-none-any.whl", hash = "sha256:459137736068bb02515040b2ed2738169cb30d69a38e0fd5dffcba255f41e68d"},
    {file = "ptvsd-4.3.2.zip", hash = "sha256:3b05c06018fdbce5943c50fb0baac695b5c11326f9e21a5266c854306bda28ab"},
]
pytz = [
    {file = "pytz-2021.3-py2.py3-none-any.whl", hash = "sha256:3672058bc3453457b622aab7a1c3bfd5ab0bdae451512f6cf25f64ed37f5b87c"},
    {file = "pytz-2021.3.tar.gz", hash = "sha256:acad2d8b20a1af07d4e4c9d2e9285c5ed9104354062f275f3fcd88dcef4f1326"},
]
sqlparse = [
    {file = "sqlparse-0.4.2-py3-none-any.whl", hash = "sha256:48719e356bb8b42991bdbb1e8b83223757b93789c00910a616a071910ca4a64d"},
    {file = "sqlparse-0.4.2.tar.gz", hash = "sha256:0c00730c74263a94e5a9919ade150dfc3b19c574389985446148402998287dae"},
]
